
Microsoft Visual Studio Solution File, Format Version 12.00
# Visual Studio 14
VisualStudioVersion = 14.0.24720.0
MinimumVisualStudioVersion = 10.0.40219.1
Project("{FAE04EC0-301F-11D3-BF4B-00C04F79EFBC}") = "AnekdotGrabber", "AnekdotGrabber\AnekdotGrabber.csproj", "{F34D1771-2C18-4140-9E7D-3670EFE1B69A}"
EndProject
Project("{FAE04EC0-301F-11D3-BF4B-00C04F79EFBC}") = "AnekdotGrabber.Test", "AnekdotGrabber.Test\AnekdotGrabber.Test.csproj", "{EDF7BC80-B2F7-4AC0-B09F-97F792B4A6B3}"
EndProject
Global
	GlobalSection(SolutionConfigurationPlatforms) = preSolution
		Debug|Any CPU = Debug|Any CPU
		Debug|ARM = Debug|ARM
		Debug|x64 = Debug|x64
		Debug|x86 = Debug|x86
		Release|Any CPU = Release|Any CPU
		Release|ARM = Release|ARM
		Release|x64 = Release|x64
		Release|x86 = Release|x86
	EndGlobalSection
	GlobalSection(ProjectConfigurationPlatforms) = postSolution
		{F34D1771-2C18-4140-9E7D-3670EFE1B69A}.Debug|Any CPU.ActiveCfg = Debug|Any CPU
		{F34D1771-2C18-4140-9E7D-3670EFE1B69A}.Debug|Any CPU.Build.0 = Debug|Any CPU
		{F34D1771-2C18-4140-9E7D-3670EFE1B69A}.Debug|ARM.ActiveCfg = Debug|Any CPU
		{F34D1771-2C18-4140-9E7D-3670EFE1B69A}.Debug|ARM.Build.0 = Debug|Any CPU
		{F34D1771-2C18-4140-9E7D-3670EFE1B69A}.Debug|x64.ActiveCfg = Debug|Any CPU
		{F34D1771-2C18-4140-9E7D-3670EFE1B69A}.Debug|x64.Build.0 = Debug|Any CPU
		{F34D1771-2C18-4140-9E7D-3670EFE1B69A}.Debug|x86.ActiveCfg = Debug|Any CPU
		{F34D1771-2C18-4140-9E7D-3670EFE1B69A}.Debug|x86.Build.0 = Debug|Any CPU
		{F34D1771-2C18-4140-9E7D-3670EFE1B69A}.Release|Any CPU.ActiveCfg = Release|Any CPU
		{F34D1771-2C18-4140-9E7D-3670EFE1B69A}.Release|Any CPU.Build.0 = Release|Any CPU
		{F34D1771-2C18-4140-9E7D-3670EFE1B69A}.Release|ARM.ActiveCfg = Release|Any CPU
		{F34D1771-2C18-4140-9E7D-3670EFE1B69A}.Release|ARM.Build.0 = Release|Any CPU
		{F34D1771-2C18-4140-9E7D-3670EFE1B69A}.Release|x64.ActiveCfg = Release|Any CPU
		{F34D1771-2C18-4140-9E7D-3670EFE1B69A}.Release|x64.Build.0 = Release|Any CPU
		{F34D1771-2C18-4140-9E7D-3670EFE1B69A}.Release|x86.ActiveCfg = Release|Any CPU
		{F34D1771-2C18-4140-9E7D-3670EFE1B69A}.Release|x86.Build.0 = Release|Any CPU
		{EDF7BC80-B2F7-4AC0-B09F-97F792B4A6B3}.Debug|Any CPU.ActiveCfg = Debug|Any CPU
		{EDF7BC80-B2F7-4AC0-B09F-97F792B4A6B3}.Debug|Any CPU.Build.0 = Debug|Any CPU
		{EDF7BC80-B2F7-4AC0-B09F-97F792B4A6B3}.Debug|ARM.ActiveCfg = Debug|Any CPU
		{EDF7BC80-B2F7-4AC0-B09F-97F792B4A6B3}.Debug|ARM.Build.0 = Debug|Any CPU
		{EDF7BC80-B2F7-4AC0-B09F-97F792B4A6B3}.Debug|x64.ActiveCfg = Debug|Any CPU
		{EDF7BC80-B2F7-4AC0-B09F-97F792B4A6B3}.Debug|x64.Build.0 = Debug|Any CPU
		{EDF7BC80-B2F7-4AC0-B09F-97F792B4A6B3}.Debug|x86.ActiveCfg = Debug|Any CPU
		{EDF7BC80-B2F7-4AC0-B09F-97F792B4A6B3}.Debug|x86.Build.0 = Debug|Any CPU
		{EDF7BC80-B2F7-4AC0-B09F-97F792B4A6B3}.Release|Any CPU.ActiveCfg = Release|Any CPU
		{EDF7BC80-B2F7-4AC0-B09F-97F792B4A6B3}.Release|Any CPU.Build.0 = Release|Any CPU
		{EDF7BC80-B2F7-4AC0-B09F-97F792B4A6B3}.Release|ARM.ActiveCfg = Release|Any CPU
		{EDF7BC80-B2F7-4AC0-B09F-97F792B4A6B3}.Release|ARM.Build.0 = Release|Any CPU
		{EDF7BC80-B2F7-4AC0-B09F-97F792B4A6B3}.Release|x64.ActiveCfg = Release|Any CPU
		{EDF7BC80-B2F7-4AC0-B09F-97F792B4A6B3}.Release|x64.Build.0 = Release|Any CPU
		{EDF7BC80-B2F7-4AC0-B09F-97F792B4A6B3}.Release|x86.ActiveCfg = Release|Any CPU
		{EDF7BC80-B2F7-4AC0-B09F-97F792B4A6B3}.Release|x86.Build.0 = Release|Any CPU
	EndGlobalSection
	GlobalSection(SolutionProperties) = preSolution
		HideSolutionNode = FALSE
	EndGlobalSection
EndGlobal
